// !$*UTF8*$!
{
	archiveVersion = 1;
	classes = {
	};
	objectVersion = 56;
	objects = {

/* Begin PBXBuildFile section */
		29429B922A2A96E90048046A /* HomeView.swift in Sources */ = {isa = PBXBuildFile; fileRef = 29429B912A2A96E90048046A /* HomeView.swift */; };
		29429B992A2A9A7E0048046A /* FeaturedItem.swift in Sources */ = {isa = PBXBuildFile; fileRef = 29429B982A2A9A7E0048046A /* FeaturedItem.swift */; };
		29429B9B2A2A9C400048046A /* AppBar.swift in Sources */ = {isa = PBXBuildFile; fileRef = 29429B9A2A2A9C400048046A /* AppBar.swift */; };
		294864E32A2771D9002A8DDC /* HexagonView.swift in Sources */ = {isa = PBXBuildFile; fileRef = 294864E22A2771D9002A8DDC /* HexagonView.swift */; };
		2972B03B2A2F897C00A9D968 /* PreferenceKeys.swift in Sources */ = {isa = PBXBuildFile; fileRef = 2972B03A2A2F897C00A9D968 /* PreferenceKeys.swift */; };
		2972B03D2A2F8E1A00A9D968 /* AnimatedFontStyle.swift in Sources */ = {isa = PBXBuildFile; fileRef = 2972B03C2A2F8E1A00A9D968 /* AnimatedFontStyle.swift */; };
		2985AE5B2A310ECE00EF2111 /* TransitionView.swift in Sources */ = {isa = PBXBuildFile; fileRef = 2985AE5A2A310ECE00EF2111 /* TransitionView.swift */; };
		2998AE242A28F1A400BAC2D9 /* BlobView.swift in Sources */ = {isa = PBXBuildFile; fileRef = 2998AE232A28F1A400BAC2D9 /* BlobView.swift */; };
		29B5DF5A2A25F770005501B7 /* ArtVerseApp.swift in Sources */ = {isa = PBXBuildFile; fileRef = 29B5DF592A25F770005501B7 /* ArtVerseApp.swift */; };
		29B5DF5C2A25F770005501B7 /* ContentView.swift in Sources */ = {isa = PBXBuildFile; fileRef = 29B5DF5B2A25F770005501B7 /* ContentView.swift */; };
		29B5DF5E2A25F771005501B7 /* Assets.xcassets in Resources */ = {isa = PBXBuildFile; fileRef = 29B5DF5D2A25F771005501B7 /* Assets.xcassets */; };
		29B5DF612A25F771005501B7 /* Preview Assets.xcassets in Resources */ = {isa = PBXBuildFile; fileRef = 29B5DF602A25F771005501B7 /* Preview Assets.xcassets */; };
		29C234FC2A274F2F001ED417 /* StrokeStyle.swift in Sources */ = {isa = PBXBuildFile; fileRef = 29C234FB2A274F2F001ED417 /* StrokeStyle.swift */; };
		29C234FE2A2754ED001ED417 /* AccountView.swift in Sources */ = {isa = PBXBuildFile; fileRef = 29C234FD2A2754ED001ED417 /* AccountView.swift */; };
		29DF08BE2A2913F20053DB23 /* TabBar.swift in Sources */ = {isa = PBXBuildFile; fileRef = 29DF08BD2A2913F20053DB23 /* TabBar.swift */; };
		29DF08C02A2918790053DB23 /* Tab.swift in Sources */ = {isa = PBXBuildFile; fileRef = 29DF08BF2A2918790053DB23 /* Tab.swift */; };
		29E5ADF92A2FB69F00B68FCD /* Course.swift in Sources */ = {isa = PBXBuildFile; fileRef = 29E5ADF82A2FB69F00B68FCD /* Course.swift */; };
/* End PBXBuildFile section */

/* Begin PBXFileReference section */
		29429B912A2A96E90048046A /* HomeView.swift */ = {isa = PBXFileReference; lastKnownFileType = sourcecode.swift; path = HomeView.swift; sourceTree = "<group>"; };
		29429B982A2A9A7E0048046A /* FeaturedItem.swift */ = {isa = PBXFileReference; lastKnownFileType = sourcecode.swift; path = FeaturedItem.swift; sourceTree = "<group>"; };
		29429B9A2A2A9C400048046A /* AppBar.swift */ = {isa = PBXFileReference; lastKnownFileType = sourcecode.swift; path = AppBar.swift; sourceTree = "<group>"; };
		294864E22A2771D9002A8DDC /* HexagonView.swift */ = {isa = PBXFileReference; lastKnownFileType = sourcecode.swift; path = HexagonView.swift; sourceTree = "<group>"; };
		2972B03A2A2F897C00A9D968 /* PreferenceKeys.swift */ = {isa = PBXFileReference; lastKnownFileType = sourcecode.swift; path = PreferenceKeys.swift; sourceTree = "<group>"; };
		2972B03C2A2F8E1A00A9D968 /* AnimatedFontStyle.swift */ = {isa = PBXFileReference; lastKnownFileType = sourcecode.swift; path = AnimatedFontStyle.swift; sourceTree = "<group>"; };
		2985AE5A2A310ECE00EF2111 /* TransitionView.swift */ = {isa = PBXFileReference; lastKnownFileType = sourcecode.swift; path = TransitionView.swift; sourceTree = "<group>"; };
		2998AE232A28F1A400BAC2D9 /* BlobView.swift */ = {isa = PBXFileReference; lastKnownFileType = sourcecode.swift; path = BlobView.swift; sourceTree = "<group>"; };
		29B5DF562A25F770005501B7 /* ArtVerse.app */ = {isa = PBXFileReference; explicitFileType = wrapper.application; includeInIndex = 0; path = ArtVerse.app; sourceTree = BUILT_PRODUCTS_DIR; };
		29B5DF592A25F770005501B7 /* ArtVerseApp.swift */ = {isa = PBXFileReference; lastKnownFileType = sourcecode.swift; path = ArtVerseApp.swift; sourceTree = "<group>"; };
		29B5DF5B2A25F770005501B7 /* ContentView.swift */ = {isa = PBXFileReference; lastKnownFileType = sourcecode.swift; path = ContentView.swift; sourceTree = "<group>"; };
		29B5DF5D2A25F771005501B7 /* Assets.xcassets */ = {isa = PBXFileReference; lastKnownFileType = folder.assetcatalog; path = Assets.xcassets; sourceTree = "<group>"; };
		29B5DF602A25F771005501B7 /* Preview Assets.xcassets */ = {isa = PBXFileReference; lastKnownFileType = folder.assetcatalog; path = "Preview Assets.xcassets"; sourceTree = "<group>"; };
		29C234FB2A274F2F001ED417 /* StrokeStyle.swift */ = {isa = PBXFileReference; lastKnownFileType = sourcecode.swift; path = StrokeStyle.swift; sourceTree = "<group>"; };
		29C234FD2A2754ED001ED417 /* AccountView.swift */ = {isa = PBXFileReference; lastKnownFileType = sourcecode.swift; path = AccountView.swift; sourceTree = "<group>"; };
		29DF08BD2A2913F20053DB23 /* TabBar.swift */ = {isa = PBXFileReference; lastKnownFileType = sourcecode.swift; path = TabBar.swift; sourceTree = "<group>"; };
		29DF08BF2A2918790053DB23 /* Tab.swift */ = {isa = PBXFileReference; lastKnownFileType = sourcecode.swift; path = Tab.swift; sourceTree = "<group>"; };
		29E5ADF82A2FB69F00B68FCD /* Course.swift */ = {isa = PBXFileReference; lastKnownFileType = sourcecode.swift; path = Course.swift; sourceTree = "<group>"; };
/* End PBXFileReference section */

/* Begin PBXFrameworksBuildPhase section */
		29B5DF532A25F770005501B7 /* Frameworks */ = {
			isa = PBXFrameworksBuildPhase;
			buildActionMask = 2147483647;
			files = (
			);
			runOnlyForDeploymentPostprocessing = 0;
		};
/* End PBXFrameworksBuildPhase section */

/* Begin PBXGroup section */
		29429B932A2A990B0048046A /* Navigation */ = {
			isa = PBXGroup;
			children = (
				29DF08BD2A2913F20053DB23 /* TabBar.swift */,
				29B5DF5B2A25F770005501B7 /* ContentView.swift */,
				29429B9A2A2A9C400048046A /* AppBar.swift */,
				2985AE5A2A310ECE00EF2111 /* TransitionView.swift */,
			);
			path = Navigation;
			sourceTree = "<group>";
		};
		29429B942A2A99440048046A /* Views */ = {
			isa = PBXGroup;
			children = (
				29C234FD2A2754ED001ED417 /* AccountView.swift */,
				29429B912A2A96E90048046A /* HomeView.swift */,
			);
			path = Views;
			sourceTree = "<group>";
		};
		29429B952A2A995A0048046A /* Components */ = {
			isa = PBXGroup;
			children = (
				2998AE232A28F1A400BAC2D9 /* BlobView.swift */,
				294864E22A2771D9002A8DDC /* HexagonView.swift */,
				29429B982A2A9A7E0048046A /* FeaturedItem.swift */,
			);
			path = Components;
			sourceTree = "<group>";
		};
		29429B962A2A99720048046A /* Model */ = {
			isa = PBXGroup;
			children = (
				29DF08BF2A2918790053DB23 /* Tab.swift */,
				2972B03A2A2F897C00A9D968 /* PreferenceKeys.swift */,
				29E5ADF82A2FB69F00B68FCD /* Course.swift */,
			);
			path = Model;
			sourceTree = "<group>";
		};
		29429B972A2A998A0048046A /* Styles */ = {
			isa = PBXGroup;
			children = (
				29C234FB2A274F2F001ED417 /* StrokeStyle.swift */,
				2972B03C2A2F8E1A00A9D968 /* AnimatedFontStyle.swift */,
			);
			path = Styles;
			sourceTree = "<group>";
		};
		29B5DF4D2A25F76F005501B7 = {
			isa = PBXGroup;
			children = (
				29B5DF582A25F770005501B7 /* ArtVerse */,
				29B5DF572A25F770005501B7 /* Products */,
			);
			sourceTree = "<group>";
		};
		29B5DF572A25F770005501B7 /* Products */ = {
			isa = PBXGroup;
			children = (
				29B5DF562A25F770005501B7 /* ArtVerse.app */,
			);
			name = Products;
			sourceTree = "<group>";
		};
		29B5DF582A25F770005501B7 /* ArtVerse */ = {
			isa = PBXGroup;
			children = (
				29B5DF592A25F770005501B7 /* ArtVerseApp.swift */,
				29429B942A2A99440048046A /* Views */,
				29429B932A2A990B0048046A /* Navigation */,
				29429B952A2A995A0048046A /* Components */,
				29429B962A2A99720048046A /* Model */,
				29429B972A2A998A0048046A /* Styles */,
				29B5DF5D2A25F771005501B7 /* Assets.xcassets */,
				29B5DF5F2A25F771005501B7 /* Preview Content */,
			);
			path = ArtVerse;
			sourceTree = "<group>";
		};
		29B5DF5F2A25F771005501B7 /* Preview Content */ = {
			isa = PBXGroup;
			children = (
				29B5DF602A25F771005501B7 /* Preview Assets.xcassets */,
			);
			path = "Preview Content";
			sourceTree = "<group>";
		};
/* End PBXGroup section */

/* Begin PBXNativeTarget section */
		29B5DF552A25F770005501B7 /* ArtVerse */ = {
			isa = PBXNativeTarget;
			buildConfigurationList = 29B5DF642A25F771005501B7 /* Build configuration list for PBXNativeTarget "ArtVerse" */;
			buildPhases = (
				29B5DF522A25F770005501B7 /* Sources */,
				29B5DF532A25F770005501B7 /* Frameworks */,
				29B5DF542A25F770005501B7 /* Resources */,
			);
			buildRules = (
			);
			dependencies = (
			);
			name = ArtVerse;
			productName = ArtVerse;
			productReference = 29B5DF562A25F770005501B7 /* ArtVerse.app */;
			productType = "com.apple.product-type.application";
		};
/* End PBXNativeTarget section */

/* Begin PBXProject section */
		29B5DF4E2A25F76F005501B7 /* Project object */ = {
			isa = PBXProject;
			attributes = {
				BuildIndependentTargetsInParallel = 1;
				LastSwiftUpdateCheck = 1430;
				LastUpgradeCheck = 1430;
				TargetAttributes = {
					29B5DF552A25F770005501B7 = {
						CreatedOnToolsVersion = 14.3;
					};
				};
			};
			buildConfigurationList = 29B5DF512A25F76F005501B7 /* Build configuration list for PBXProject "ArtVerse" */;
			compatibilityVersion = "Xcode 14.0";
			developmentRegion = en;
			hasScannedForEncodings = 0;
			knownRegions = (
				en,
				Base,
			);
			mainGroup = 29B5DF4D2A25F76F005501B7;
			productRefGroup = 29B5DF572A25F770005501B7 /* Products */;
			projectDirPath = "";
			projectRoot = "";
			targets = (
				29B5DF552A25F770005501B7 /* ArtVerse */,
			);
		};
/* End PBXProject section */

/* Begin PBXResourcesBuildPhase section */
		29B5DF542A25F770005501B7 /* Resources */ = {
			isa = PBXResourcesBuildPhase;
			buildActionMask = 2147483647;
			files = (
				29B5DF612A25F771005501B7 /* Preview Assets.xcassets in Resources */,
				29B5DF5E2A25F771005501B7 /* Assets.xcassets in Resources */,
			);
			runOnlyForDeploymentPostprocessing = 0;
		};
/* End PBXResourcesBuildPhase section */

/* Begin PBXSourcesBuildPhase section */
		29B5DF522A25F770005501B7 /* Sources */ = {
			isa = PBXSourcesBuildPhase;
			buildActionMask = 2147483647;
			files = (
				29429B922A2A96E90048046A /* HomeView.swift in Sources */,
				29C234FE2A2754ED001ED417 /* AccountView.swift in Sources */,
				294864E32A2771D9002A8DDC /* HexagonView.swift in Sources */,
				29C234FC2A274F2F001ED417 /* StrokeStyle.swift in Sources */,
				2985AE5B2A310ECE00EF2111 /* TransitionView.swift in Sources */,
				29DF08C02A2918790053DB23 /* Tab.swift in Sources */,
				2972B03D2A2F8E1A00A9D968 /* AnimatedFontStyle.swift in Sources */,
				29429B9B2A2A9C400048046A /* AppBar.swift in Sources */,
				2998AE242A28F1A400BAC2D9 /* BlobView.swift in Sources */,
				29E5ADF92A2FB69F00B68FCD /* Course.swift in Sources */,
				29B5DF5C2A25F770005501B7 /* ContentView.swift in Sources */,
				29B5DF5A2A25F770005501B7 /* ArtVerseApp.swift in Sources */,
				29429B992A2A9A7E0048046A /* FeaturedItem.swift in Sources */,
				2972B03B2A2F897C00A9D968 /* PreferenceKeys.swift in Sources */,
				29DF08BE2A2913F20053DB23 /* TabBar.swift in Sources */,
			);
			runOnlyForDeploymentPostprocessing = 0;
		};
/* End PBXSourcesBuildPhase section */

/* Begin XCBuildConfiguration section */
		29B5DF622A25F771005501B7 /* Debug */ = {
			isa = XCBuildConfiguration;
			buildSettings = {
				ALWAYS_SEARCH_USER_PATHS = NO;
				CLANG_ANALYZER_NONNULL = YES;
				CLANG_ANALYZER_NUMBER_OBJECT_CONVERSION = YES_AGGRESSIVE;
				CLANG_CXX_LANGUAGE_STANDARD = "gnu++20";
				CLANG_ENABLE_MODULES = YES;
				CLANG_ENABLE_OBJC_ARC = YES;
				CLANG_ENABLE_OBJC_WEAK = YES;
				CLANG_WARN_BLOCK_CAPTURE_AUTORELEASING = YES;
				CLANG_WARN_BOOL_CONVERSION = YES;
				CLANG_WARN_COMMA = YES;
				CLANG_WARN_CONSTANT_CONVERSION = YES;
				CLANG_WARN_DEPRECATED_OBJC_IMPLEMENTATIONS = YES;
				CLANG_WARN_DIRECT_OBJC_ISA_USAGE = YES_ERROR;
				CLANG_WARN_DOCUMENTATION_COMMENTS = YES;
				CLANG_WARN_EMPTY_BODY = YES;
				CLANG_WARN_ENUM_CONVERSION = YES;
				CLANG_WARN_INFINITE_RECURSION = YES;
				CLANG_WARN_INT_CONVERSION = YES;
				CLANG_WARN_NON_LITERAL_NULL_CONVERSION = YES;
				CLANG_WARN_OBJC_IMPLICIT_RETAIN_SELF = YES;
				CLANG_WARN_OBJC_LITERAL_CONVERSION = YES;
				CLANG_WARN_OBJC_ROOT_CLASS = YES_ERROR;
				CLANG_WARN_QUOTED_INCLUDE_IN_FRAMEWORK_HEADER = YES;
				CLANG_WARN_RANGE_LOOP_ANALYSIS = YES;
				CLANG_WARN_STRICT_PROTOTYPES = YES;
				CLANG_WARN_SUSPICIOUS_MOVE = YES;
				CLANG_WARN_UNGUARDED_AVAILABILITY = YES_AGGRESSIVE;
				CLANG_WARN_UNREACHABLE_CODE = YES;
				CLANG_WARN__DUPLICATE_METHOD_MATCH = YES;
				COPY_PHASE_STRIP = NO;
				DEBUG_INFORMATION_FORMAT = dwarf;
				ENABLE_STRICT_OBJC_MSGSEND = YES;
				ENABLE_TESTABILITY = YES;
				GCC_C_LANGUAGE_STANDARD = gnu11;
				GCC_DYNAMIC_NO_PIC = NO;
				GCC_NO_COMMON_BLOCKS = YES;
				GCC_OPTIMIZATION_LEVEL = 0;
				GCC_PREPROCESSOR_DEFINITIONS = (
					"DEBUG=1",
					"$(inherited)",
				);
				GCC_WARN_64_TO_32_BIT_CONVERSION = YES;
				GCC_WARN_ABOUT_RETURN_TYPE = YES_ERROR;
				GCC_WARN_UNDECLARED_SELECTOR = YES;
				GCC_WARN_UNINITIALIZED_AUTOS = YES_AGGRESSIVE;
				GCC_WARN_UNUSED_FUNCTION = YES;
				GCC_WARN_UNUSED_VARIABLE = YES;
				IPHONEOS_DEPLOYMENT_TARGET = 16.4;
				MTL_ENABLE_DEBUG_INFO = INCLUDE_SOURCE;
				MTL_FAST_MATH = YES;
				ONLY_ACTIVE_ARCH = YES;
				SDKROOT = iphoneos;
				SWIFT_ACTIVE_COMPILATION_CONDITIONS = DEBUG;
				SWIFT_OPTIMIZATION_LEVEL = "-Onone";
			};
			name = Debug;
		};
		29B5DF632A25F771005501B7 /* Release */ = {
			isa = XCBuildConfiguration;
			buildSettings = {
				ALWAYS_SEARCH_USER_PATHS = NO;
				CLANG_ANALYZER_NONNULL = YES;
				CLANG_ANALYZER_NUMBER_OBJECT_CONVERSION = YES_AGGRESSIVE;
				CLANG_CXX_LANGUAGE_STANDARD = "gnu++20";
				CLANG_ENABLE_MODULES = YES;
				CLANG_ENABLE_OBJC_ARC = YES;
				CLANG_ENABLE_OBJC_WEAK = YES;
				CLANG_WARN_BLOCK_CAPTURE_AUTORELEASING = YES;
				CLANG_WARN_BOOL_CONVERSION = YES;
				CLANG_WARN_COMMA = YES;
				CLANG_WARN_CONSTANT_CONVERSION = YES;
				CLANG_WARN_DEPRECATED_OBJC_IMPLEMENTATIONS = YES;
				CLANG_WARN_DIRECT_OBJC_ISA_USAGE = YES_ERROR;
				CLANG_WARN_DOCUMENTATION_COMMENTS = YES;
				CLANG_WARN_EMPTY_BODY = YES;
				CLANG_WARN_ENUM_CONVERSION = YES;
				CLANG_WARN_INFINITE_RECURSION = YES;
				CLANG_WARN_INT_CONVERSION = YES;
				CLANG_WARN_NON_LITERAL_NULL_CONVERSION = YES;
				CLANG_WARN_OBJC_IMPLICIT_RETAIN_SELF = YES;
				CLANG_WARN_OBJC_LITERAL_CONVERSION = YES;
				CLANG_WARN_OBJC_ROOT_CLASS = YES_ERROR;
				CLANG_WARN_QUOTED_INCLUDE_IN_FRAMEWORK_HEADER = YES;
				CLANG_WARN_RANGE_LOOP_ANALYSIS = YES;
				CLANG_WARN_STRICT_PROTOTYPES = YES;
				CLANG_WARN_SUSPICIOUS_MOVE = YES;
				CLANG_WARN_UNGUARDED_AVAILABILITY = YES_AGGRESSIVE;
				CLANG_WARN_UNREACHABLE_CODE = YES;
				CLANG_WARN__DUPLICATE_METHOD_MATCH = YES;
				COPY_PHASE_STRIP = NO;
				DEBUG_INFORMATION_FORMAT = "dwarf-with-dsym";
				ENABLE_NS_ASSERTIONS = NO;
				ENABLE_STRICT_OBJC_MSGSEND = YES;
				GCC_C_LANGUAGE_STANDARD = gnu11;
				GCC_NO_COMMON_BLOCKS = YES;
				GCC_WARN_64_TO_32_BIT_CONVERSION = YES;
				GCC_WARN_ABOUT_RETURN_TYPE = YES_ERROR;
				GCC_WARN_UNDECLARED_SELECTOR = YES;
				GCC_WARN_UNINITIALIZED_AUTOS = YES_AGGRESSIVE;
				GCC_WARN_UNUSED_FUNCTION = YES;
				GCC_WARN_UNUSED_VARIABLE = YES;
				IPHONEOS_DEPLOYMENT_TARGET = 16.4;
				MTL_ENABLE_DEBUG_INFO = NO;
				MTL_FAST_MATH = YES;
				SDKROOT = iphoneos;
				SWIFT_COMPILATION_MODE = wholemodule;
				SWIFT_OPTIMIZATION_LEVEL = "-O";
				VALIDATE_PRODUCT = YES;
			};
			name = Release;
		};
		29B5DF652A25F771005501B7 /* Debug */ = {
			isa = XCBuildConfiguration;
			buildSettings = {
				ASSETCATALOG_COMPILER_APPICON_NAME = AppIcon;
				ASSETCATALOG_COMPILER_GLOBAL_ACCENT_COLOR_NAME = AccentColor;
				CODE_SIGN_STYLE = Automatic;
				CURRENT_PROJECT_VERSION = 1;
				DEVELOPMENT_ASSET_PATHS = "\"ArtVerse/Preview Content\"";
				DEVELOPMENT_TEAM = WJ6BVSDK46;
				ENABLE_PREVIEWS = YES;
				GENERATE_INFOPLIST_FILE = YES;
				INFOPLIST_KEY_UIApplicationSceneManifest_Generation = YES;
				INFOPLIST_KEY_UIApplicationSupportsIndirectInputEvents = YES;
				INFOPLIST_KEY_UILaunchScreen_Generation = YES;
				INFOPLIST_KEY_UISupportedInterfaceOrientations_iPad = "UIInterfaceOrientationPortrait UIInterfaceOrientationPortraitUpsideDown UIInterfaceOrientationLandscapeLeft UIInterfaceOrientationLandscapeRight";
				INFOPLIST_KEY_UISupportedInterfaceOrientations_iPhone = "UIInterfaceOrientationPortrait UIInterfaceOrientationLandscapeLeft UIInterfaceOrientationLandscapeRight";
				LD_RUNPATH_SEARCH_PATHS = (
					"$(inherited)",
					"@executable_path/Frameworks",
				);
				MARKETING_VERSION = 1.0;
				PRODUCT_BUNDLE_IDENTIFIER = ahmedhenna.ArtVerse;
				PRODUCT_NAME = "$(TARGET_NAME)";
				SWIFT_EMIT_LOC_STRINGS = YES;
				SWIFT_VERSION = 5.0;
				TARGETED_DEVICE_FAMILY = "1,2";
			};
			name = Debug;
		};
		29B5DF662A25F771005501B7 /* Release */ = {
			isa = XCBuildConfiguration;
			buildSettings = {
				ASSETCATALOG_COMPILER_APPICON_NAME = AppIcon;
				ASSETCATALOG_COMPILER_GLOBAL_ACCENT_COLOR_NAME = AccentColor;
				CODE_SIGN_STYLE = Automatic;
				CURRENT_PROJECT_VERSION = 1;
				DEVELOPMENT_ASSET_PATHS = "\"ArtVerse/Preview Content\"";
				DEVELOPMENT_TEAM = WJ6BVSDK46;
				ENABLE_PREVIEWS = YES;
				GENERATE_INFOPLIST_FILE = YES;
				INFOPLIST_KEY_UIApplicationSceneManifest_Generation = YES;
				INFOPLIST_KEY_UIApplicationSupportsIndirectInputEvents = YES;
				INFOPLIST_KEY_UILaunchScreen_Generation = YES;
				INFOPLIST_KEY_UISupportedInterfaceOrientations_iPad = "UIInterfaceOrientationPortrait UIInterfaceOrientationPortraitUpsideDown UIInterfaceOrientationLandscapeLeft UIInterfaceOrientationLandscapeRight";
				INFOPLIST_KEY_UISupportedInterfaceOrientations_iPhone = "UIInterfaceOrientationPortrait UIInterfaceOrientationLandscapeLeft UIInterfaceOrientationLandscapeRight";
				LD_RUNPATH_SEARCH_PATHS = (
					"$(inherited)",
					"@executable_path/Frameworks",
				);
				MARKETING_VERSION = 1.0;
				PRODUCT_BUNDLE_IDENTIFIER = ahmedhenna.ArtVerse;
				PRODUCT_NAME = "$(TARGET_NAME)";
				SWIFT_EMIT_LOC_STRINGS = YES;
				SWIFT_VERSION = 5.0;
				TARGETED_DEVICE_FAMILY = "1,2";
			};
			name = Release;
		};
/* End XCBuildConfiguration section */

/* Begin XCConfigurationList section */
		29B5DF512A25F76F005501B7 /* Build configuration list for PBXProject "ArtVerse" */ = {
			isa = XCConfigurationList;
			buildConfigurations = (
				29B5DF622A25F771005501B7 /* Debug */,
				29B5DF632A25F771005501B7 /* Release */,
			);
			defaultConfigurationIsVisible = 0;
			defaultConfigurationName = Release;
		};
		29B5DF642A25F771005501B7 /* Build configuration list for PBXNativeTarget "ArtVerse" */ = {
			isa = XCConfigurationList;
			buildConfigurations = (
				29B5DF652A25F771005501B7 /* Debug */,
				29B5DF662A25F771005501B7 /* Release */,
			);
			defaultConfigurationIsVisible = 0;
			defaultConfigurationName = Release;
		};
/* End XCConfigurationList section */
	};
	rootObject = 29B5DF4E2A25F76F005501B7 /* Project object */;
}
